
Microsoft Visual Studio Solution File, Format Version 12.00
# Visual Studio Version 16
VisualStudioVersion = 16.0.30804.86
MinimumVisualStudioVersion = 10.0.40219.1
Project("{9A19103F-16F7-4668-BE54-9A1E7A4F7556}") = "Site01", "Site01\Site01.csproj", "{1CE15176-C6E1-4A6A-9669-F8E949B900DB}"
EndProject
Global
	GlobalSection(SolutionConfigurationPlatforms) = preSolution
		Debug|Any CPU = Debug|Any CPU
		Release|Any CPU = Release|Any CPU
	EndGlobalSection
	GlobalSection(ProjectConfigurationPlatforms) = postSolution
		{1CE15176-C6E1-4A6A-9669-F8E949B900DB}.Debug|Any CPU.ActiveCfg = Debug|Any CPU
		{1CE15176-C6E1-4A6A-9669-F8E949B900DB}.Debug|Any CPU.Build.0 = Debug|Any CPU
		{1CE15176-C6E1-4A6A-9669-F8E949B900DB}.Release|Any CPU.ActiveCfg = Release|Any CPU
		{1CE15176-C6E1-4A6A-9669-F8E949B900DB}.Release|Any CPU.Build.0 = Release|Any CPU
	EndGlobalSection
	GlobalSection(SolutionProperties) = preSolution
		HideSolutionNode = FALSE
	EndGlobalSection
	GlobalSection(ExtensibilityGlobals) = postSolution
		SolutionGuid = {91EA2E34-B132-4AA2-981E-3B176E9E458C}
	EndGlobalSection
EndGlobal
